
Microsoft Visual Studio Solution File, Format Version 12.00
# Visual Studio 14
VisualStudioVersion = 14.0.25123.0
MinimumVisualStudioVersion = 10.0.40219.1
Project("{9092AA53-FB77-4645-B42D-1CCCA6BD08BD}") = "uag-db-netflix", "uag-db-netflix.njsproj", "{27135667-F044-4203-83B3-1F113492CC14}"
EndProject
Global
	GlobalSection(SolutionConfigurationPlatforms) = preSolution
		Debug|Any CPU = Debug|Any CPU
		Release|Any CPU = Release|Any CPU
	EndGlobalSection
	GlobalSection(ProjectConfigurationPlatforms) = postSolution
		{27135667-F044-4203-83B3-1F113492CC14}.Debug|Any CPU.ActiveCfg = Debug|Any CPU
		{27135667-F044-4203-83B3-1F113492CC14}.Debug|Any CPU.Build.0 = Debug|Any CPU
		{27135667-F044-4203-83B3-1F113492CC14}.Release|Any CPU.ActiveCfg = Release|Any CPU
		{27135667-F044-4203-83B3-1F113492CC14}.Release|Any CPU.Build.0 = Release|Any CPU
	EndGlobalSection
	GlobalSection(SolutionProperties) = preSolution
		HideSolutionNode = FALSE
	EndGlobalSection
EndGlobal
